// !$*UTF8*$!
{
	archiveVersion = 1;
	classes = {
	};
	objectVersion = 46;
	objects = {

/* Begin PBXBuildFile section */
		13FD664FC615326FFDD5C2BF /* Pods_Eureka_Swift3.framework in Frameworks */ = {isa = PBXBuildFile; fileRef = AF03D6FD229B181C068FE09D /* Pods_Eureka_Swift3.framework */; };
		6C580D8B1D941CE6003999FE /* AppDelegate.swift in Sources */ = {isa = PBXBuildFile; fileRef = 6C580D8A1D941CE6003999FE /* AppDelegate.swift */; };
		6C580D8D1D941CE6003999FE /* ViewController.swift in Sources */ = {isa = PBXBuildFile; fileRef = 6C580D8C1D941CE6003999FE /* ViewController.swift */; };
		6C580D901D941CE6003999FE /* Main.storyboard in Resources */ = {isa = PBXBuildFile; fileRef = 6C580D8E1D941CE6003999FE /* Main.storyboard */; };
		6C580D931D941CE6003999FE /* Eureka_Swift3.xcdatamodeld in Sources */ = {isa = PBXBuildFile; fileRef = 6C580D911D941CE6003999FE /* Eureka_Swift3.xcdatamodeld */; };
		6C580D951D941CE7003999FE /* Assets.xcassets in Resources */ = {isa = PBXBuildFile; fileRef = 6C580D941D941CE7003999FE /* Assets.xcassets */; };
		6C580D981D941CE7003999FE /* LaunchScreen.storyboard in Resources */ = {isa = PBXBuildFile; fileRef = 6C580D961D941CE7003999FE /* LaunchScreen.storyboard */; };
		6C580DA31D941CE7003999FE /* Eureka_Swift3Tests.swift in Sources */ = {isa = PBXBuildFile; fileRef = 6C580DA21D941CE7003999FE /* Eureka_Swift3Tests.swift */; };
		6C580DAE1D941CE7003999FE /* Eureka_Swift3UITests.swift in Sources */ = {isa = PBXBuildFile; fileRef = 6C580DAD1D941CE7003999FE /* Eureka_Swift3UITests.swift */; };
		787AA2F5BB767A690E2B063F /* Pods_Eureka_Swift3Tests.framework in Frameworks */ = {isa = PBXBuildFile; fileRef = 46582FBE4BE1E725B8AC30E6 /* Pods_Eureka_Swift3Tests.framework */; };
/* End PBXBuildFile section */

/* Begin PBXContainerItemProxy section */
		6C580D9F1D941CE7003999FE /* PBXContainerItemProxy */ = {
			isa = PBXContainerItemProxy;
			containerPortal = 6C580D7F1D941CE5003999FE /* Project object */;
			proxyType = 1;
			remoteGlobalIDString = 6C580D861D941CE6003999FE;
			remoteInfo = "Eureka-Swift3";
		};
		6C580DAA1D941CE7003999FE /* PBXContainerItemProxy */ = {
			isa = PBXContainerItemProxy;
			containerPortal = 6C580D7F1D941CE5003999FE /* Project object */;
			proxyType = 1;
			remoteGlobalIDString = 6C580D861D941CE6003999FE;
			remoteInfo = "Eureka-Swift3";
		};
/* End PBXContainerItemProxy section */

/* Begin PBXFileReference section */
		0454AD068075B160E2942233 /* Pods-Eureka-Swift3.debug.xcconfig */ = {isa = PBXFileReference; includeInIndex = 1; lastKnownFileType = text.xcconfig; name = "Pods-Eureka-Swift3.debug.xcconfig"; path = "Pods/Target Support Files/Pods-Eureka-Swift3/Pods-Eureka-Swift3.debug.xcconfig"; sourceTree = "<group>"; };
		29E2E38C3CE9330C3CCE9AE3 /* Pods-Eureka-Swift3.release.xcconfig */ = {isa = PBXFileReference; includeInIndex = 1; lastKnownFileType = text.xcconfig; name = "Pods-Eureka-Swift3.release.xcconfig"; path = "Pods/Target Support Files/Pods-Eureka-Swift3/Pods-Eureka-Swift3.release.xcconfig"; sourceTree = "<group>"; };
		46582FBE4BE1E725B8AC30E6 /* Pods_Eureka_Swift3Tests.framework */ = {isa = PBXFileReference; explicitFileType = wrapper.framework; includeInIndex = 0; path = Pods_Eureka_Swift3Tests.framework; sourceTree = BUILT_PRODUCTS_DIR; };
		6C580D871D941CE6003999FE /* Eureka-Swift3.app */ = {isa = PBXFileReference; explicitFileType = wrapper.application; includeInIndex = 0; path = "Eureka-Swift3.app"; sourceTree = BUILT_PRODUCTS_DIR; };
		6C580D8A1D941CE6003999FE /* AppDelegate.swift */ = {isa = PBXFileReference; lastKnownFileType = sourcecode.swift; path = AppDelegate.swift; sourceTree = "<group>"; };
		6C580D8C1D941CE6003999FE /* ViewController.swift */ = {isa = PBXFileReference; lastKnownFileType = sourcecode.swift; path = ViewController.swift; sourceTree = "<group>"; };
		6C580D8F1D941CE6003999FE /* Base */ = {isa = PBXFileReference; lastKnownFileType = file.storyboard; name = Base; path = Base.lproj/Main.storyboard; sourceTree = "<group>"; };
		6C580D921D941CE6003999FE /* Eureka_Swift3.xcdatamodel */ = {isa = PBXFileReference; lastKnownFileType = wrapper.xcdatamodel; path = Eureka_Swift3.xcdatamodel; sourceTree = "<group>"; };
		6C580D941D941CE7003999FE /* Assets.xcassets */ = {isa = PBXFileReference; lastKnownFileType = folder.assetcatalog; path = Assets.xcassets; sourceTree = "<group>"; };
		6C580D971D941CE7003999FE /* Base */ = {isa = PBXFileReference; lastKnownFileType = file.storyboard; name = Base; path = Base.lproj/LaunchScreen.storyboard; sourceTree = "<group>"; };
		6C580D991D941CE7003999FE /* Info.plist */ = {isa = PBXFileReference; lastKnownFileType = text.plist.xml; path = Info.plist; sourceTree = "<group>"; };
		6C580D9E1D941CE7003999FE /* Eureka-Swift3Tests.xctest */ = {isa = PBXFileReference; explicitFileType = wrapper.cfbundle; includeInIndex = 0; path = "Eureka-Swift3Tests.xctest"; sourceTree = BUILT_PRODUCTS_DIR; };
		6C580DA21D941CE7003999FE /* Eureka_Swift3Tests.swift */ = {isa = PBXFileReference; lastKnownFileType = sourcecode.swift; path = Eureka_Swift3Tests.swift; sourceTree = "<group>"; };
		6C580DA41D941CE7003999FE /* Info.plist */ = {isa = PBXFileReference; lastKnownFileType = text.plist.xml; path = Info.plist; sourceTree = "<group>"; };
		6C580DA91D941CE7003999FE /* Eureka-Swift3UITests.xctest */ = {isa = PBXFileReference; explicitFileType = wrapper.cfbundle; includeInIndex = 0; path = "Eureka-Swift3UITests.xctest"; sourceTree = BUILT_PRODUCTS_DIR; };
		6C580DAD1D941CE7003999FE /* Eureka_Swift3UITests.swift */ = {isa = PBXFileReference; lastKnownFileType = sourcecode.swift; path = Eureka_Swift3UITests.swift; sourceTree = "<group>"; };
		6C580DAF1D941CE7003999FE /* Info.plist */ = {isa = PBXFileReference; lastKnownFileType = text.plist.xml; path = Info.plist; sourceTree = "<group>"; };
		AF03D6FD229B181C068FE09D /* Pods_Eureka_Swift3.framework */ = {isa = PBXFileReference; explicitFileType = wrapper.framework; includeInIndex = 0; path = Pods_Eureka_Swift3.framework; sourceTree = BUILT_PRODUCTS_DIR; };
		B6D8666483F172A8E3142C07 /* Pods-Eureka-Swift3Tests.release.xcconfig */ = {isa = PBXFileReference; includeInIndex = 1; lastKnownFileType = text.xcconfig; name = "Pods-Eureka-Swift3Tests.release.xcconfig"; path = "Pods/Target Support Files/Pods-Eureka-Swift3Tests/Pods-Eureka-Swift3Tests.release.xcconfig"; sourceTree = "<group>"; };
		FB14171D628CA574488B0E40 /* Pods-Eureka-Swift3Tests.debug.xcconfig */ = {isa = PBXFileReference; includeInIndex = 1; lastKnownFileType = text.xcconfig; name = "Pods-Eureka-Swift3Tests.debug.xcconfig"; path = "Pods/Target Support Files/Pods-Eureka-Swift3Tests/Pods-Eureka-Swift3Tests.debug.xcconfig"; sourceTree = "<group>"; };
/* End PBXFileReference section */

/* Begin PBXFrameworksBuildPhase section */
		6C580D841D941CE6003999FE /* Frameworks */ = {
			isa = PBXFrameworksBuildPhase;
			buildActionMask = 2147483647;
			files = (
				13FD664FC615326FFDD5C2BF /* Pods_Eureka_Swift3.framework in Frameworks */,
			);
			runOnlyForDeploymentPostprocessing = 0;
		};
		6C580D9B1D941CE7003999FE /* Frameworks */ = {
			isa = PBXFrameworksBuildPhase;
			buildActionMask = 2147483647;
			files = (
				787AA2F5BB767A690E2B063F /* Pods_Eureka_Swift3Tests.framework in Frameworks */,
			);
			runOnlyForDeploymentPostprocessing = 0;
		};
		6C580DA61D941CE7003999FE /* Frameworks */ = {
			isa = PBXFrameworksBuildPhase;
			buildActionMask = 2147483647;
			files = (
			);
			runOnlyForDeploymentPostprocessing = 0;
		};
/* End PBXFrameworksBuildPhase section */

/* Begin PBXGroup section */
		659C41057A22999C4DBDEB50 /* Pods */ = {
			isa = PBXGroup;
			children = (
				0454AD068075B160E2942233 /* Pods-Eureka-Swift3.debug.xcconfig */,
				29E2E38C3CE9330C3CCE9AE3 /* Pods-Eureka-Swift3.release.xcconfig */,
				FB14171D628CA574488B0E40 /* Pods-Eureka-Swift3Tests.debug.xcconfig */,
				B6D8666483F172A8E3142C07 /* Pods-Eureka-Swift3Tests.release.xcconfig */,
			);
			name = Pods;
			sourceTree = "<group>";
		};
		6C580D7E1D941CE5003999FE = {
			isa = PBXGroup;
			children = (
				6C580D891D941CE6003999FE /* Eureka-Swift3 */,
				6C580DA11D941CE7003999FE /* Eureka-Swift3Tests */,
				6C580DAC1D941CE7003999FE /* Eureka-Swift3UITests */,
				6C580D881D941CE6003999FE /* Products */,
				659C41057A22999C4DBDEB50 /* Pods */,
				EDBCD90F646D6DCE6E0ECB01 /* Frameworks */,
			);
			sourceTree = "<group>";
		};
		6C580D881D941CE6003999FE /* Products */ = {
			isa = PBXGroup;
			children = (
				6C580D871D941CE6003999FE /* Eureka-Swift3.app */,
				6C580D9E1D941CE7003999FE /* Eureka-Swift3Tests.xctest */,
				6C580DA91D941CE7003999FE /* Eureka-Swift3UITests.xctest */,
			);
			name = Products;
			sourceTree = "<group>";
		};
		6C580D891D941CE6003999FE /* Eureka-Swift3 */ = {
			isa = PBXGroup;
			children = (
				6C580D8A1D941CE6003999FE /* AppDelegate.swift */,
				6C580D8C1D941CE6003999FE /* ViewController.swift */,
				6C580D8E1D941CE6003999FE /* Main.storyboard */,
				6C580D941D941CE7003999FE /* Assets.xcassets */,
				6C580D961D941CE7003999FE /* LaunchScreen.storyboard */,
				6C580D991D941CE7003999FE /* Info.plist */,
				6C580D911D941CE6003999FE /* Eureka_Swift3.xcdatamodeld */,
			);
			path = "Eureka-Swift3";
			sourceTree = "<group>";
		};
		6C580DA11D941CE7003999FE /* Eureka-Swift3Tests */ = {
			isa = PBXGroup;
			children = (
				6C580DA21D941CE7003999FE /* Eureka_Swift3Tests.swift */,
				6C580DA41D941CE7003999FE /* Info.plist */,
			);
			path = "Eureka-Swift3Tests";
			sourceTree = "<group>";
		};
		6C580DAC1D941CE7003999FE /* Eureka-Swift3UITests */ = {
			isa = PBXGroup;
			children = (
				6C580DAD1D941CE7003999FE /* Eureka_Swift3UITests.swift */,
				6C580DAF1D941CE7003999FE /* Info.plist */,
			);
			path = "Eureka-Swift3UITests";
			sourceTree = "<group>";
		};
		EDBCD90F646D6DCE6E0ECB01 /* Frameworks */ = {
			isa = PBXGroup;
			children = (
				AF03D6FD229B181C068FE09D /* Pods_Eureka_Swift3.framework */,
				46582FBE4BE1E725B8AC30E6 /* Pods_Eureka_Swift3Tests.framework */,
			);
			name = Frameworks;
			sourceTree = "<group>";
		};
/* End PBXGroup section */

/* Begin PBXNativeTarget section */
		6C580D861D941CE6003999FE /* Eureka-Swift3 */ = {
			isa = PBXNativeTarget;
			buildConfigurationList = 6C580DB21D941CE7003999FE /* Build configuration list for PBXNativeTarget "Eureka-Swift3" */;
			buildPhases = (
				CA11E2228BF0056166CA74E4 /* [CP] Check Pods Manifest.lock */,
				6C580D831D941CE6003999FE /* Sources */,
				6C580D841D941CE6003999FE /* Frameworks */,
				6C580D851D941CE6003999FE /* Resources */,
				690EEAFAB60D03CB6276DB61 /* [CP] Embed Pods Frameworks */,
				F42275EE8FCA62F824F39B45 /* [CP] Copy Pods Resources */,
			);
			buildRules = (
			);
			dependencies = (
			);
			name = "Eureka-Swift3";
			productName = "Eureka-Swift3";
			productReference = 6C580D871D941CE6003999FE /* Eureka-Swift3.app */;
			productType = "com.apple.product-type.application";
		};
		6C580D9D1D941CE7003999FE /* Eureka-Swift3Tests */ = {
			isa = PBXNativeTarget;
			buildConfigurationList = 6C580DB51D941CE7003999FE /* Build configuration list for PBXNativeTarget "Eureka-Swift3Tests" */;
			buildPhases = (
				59D19315902EE0BFC9EB9C29 /* [CP] Check Pods Manifest.lock */,
				6C580D9A1D941CE7003999FE /* Sources */,
				6C580D9B1D941CE7003999FE /* Frameworks */,
				6C580D9C1D941CE7003999FE /* Resources */,
				8312FFF2CEB16F82080B4AC7 /* [CP] Embed Pods Frameworks */,
				E810C8D747A521C40CD804C8 /* [CP] Copy Pods Resources */,
			);
			buildRules = (
			);
			dependencies = (
				6C580DA01D941CE7003999FE /* PBXTargetDependency */,
			);
			name = "Eureka-Swift3Tests";
			productName = "Eureka-Swift3Tests";
			productReference = 6C580D9E1D941CE7003999FE /* Eureka-Swift3Tests.xctest */;
			productType = "com.apple.product-type.bundle.unit-test";
		};
		6C580DA81D941CE7003999FE /* Eureka-Swift3UITests */ = {
			isa = PBXNativeTarget;
			buildConfigurationList = 6C580DB81D941CE7003999FE /* Build configuration list for PBXNativeTarget "Eureka-Swift3UITests" */;
			buildPhases = (
				6C580DA51D941CE7003999FE /* Sources */,
				6C580DA61D941CE7003999FE /* Frameworks */,
				6C580DA71D941CE7003999FE /* Resources */,
			);
			buildRules = (
			);
			dependencies = (
				6C580DAB1D941CE7003999FE /* PBXTargetDependency */,
			);
			name = "Eureka-Swift3UITests";
			productName = "Eureka-Swift3UITests";
			productReference = 6C580DA91D941CE7003999FE /* Eureka-Swift3UITests.xctest */;
			productType = "com.apple.product-type.bundle.ui-testing";
		};
/* End PBXNativeTarget section */

/* Begin PBXProject section */
		6C580D7F1D941CE5003999FE /* Project object */ = {
			isa = PBXProject;
			attributes = {
				LastSwiftUpdateCheck = 0800;
				LastUpgradeCheck = 0800;
				ORGANIZATIONNAME = "François Bulteau";
				TargetAttributes = {
					6C580D861D941CE6003999FE = {
						CreatedOnToolsVersion = 8.0;
						DevelopmentTeam = 3TRW666PQV;
						ProvisioningStyle = Automatic;
					};
					6C580D9D1D941CE7003999FE = {
						CreatedOnToolsVersion = 8.0;
						DevelopmentTeam = 3TRW666PQV;
						ProvisioningStyle = Automatic;
						TestTargetID = 6C580D861D941CE6003999FE;
					};
					6C580DA81D941CE7003999FE = {
						CreatedOnToolsVersion = 8.0;
						DevelopmentTeam = 3TRW666PQV;
						ProvisioningStyle = Automatic;
						TestTargetID = 6C580D861D941CE6003999FE;
					};
				};
			};
			buildConfigurationList = 6C580D821D941CE6003999FE /* Build configuration list for PBXProject "Eureka-Swift3" */;
			compatibilityVersion = "Xcode 3.2";
			developmentRegion = English;
			hasScannedForEncodings = 0;
			knownRegions = (
				en,
				Base,
			);
			mainGroup = 6C580D7E1D941CE5003999FE;
			productRefGroup = 6C580D881D941CE6003999FE /* Products */;
			projectDirPath = "";
			projectRoot = "";
			targets = (
				6C580D861D941CE6003999FE /* Eureka-Swift3 */,
				6C580D9D1D941CE7003999FE /* Eureka-Swift3Tests */,
				6C580DA81D941CE7003999FE /* Eureka-Swift3UITests */,
			);
		};
/* End PBXProject section */

/* Begin PBXResourcesBuildPhase section */
		6C580D851D941CE6003999FE /* Resources */ = {
			isa = PBXResourcesBuildPhase;
			buildActionMask = 2147483647;
			files = (
				6C580D981D941CE7003999FE /* LaunchScreen.storyboard in Resources */,
				6C580D951D941CE7003999FE /* Assets.xcassets in Resources */,
				6C580D901D941CE6003999FE /* Main.storyboard in Resources */,
			);
			runOnlyForDeploymentPostprocessing = 0;
		};
		6C580D9C1D941CE7003999FE /* Resources */ = {
			isa = PBXResourcesBuildPhase;
			buildActionMask = 2147483647;
			files = (
			);
			runOnlyForDeploymentPostprocessing = 0;
		};
		6C580DA71D941CE7003999FE /* Resources */ = {
			isa = PBXResourcesBuildPhase;
			buildActionMask = 2147483647;
			files = (
			);
			runOnlyForDeploymentPostprocessing = 0;
		};
/* End PBXResourcesBuildPhase section */

/* Begin PBXShellScriptBuildPhase section */
		59D19315902EE0BFC9EB9C29 /* [CP] Check Pods Manifest.lock */ = {
			isa = PBXShellScriptBuildPhase;
			buildActionMask = 2147483647;
			files = (
			);
			inputPaths = (
			);
			name = "[CP] Check Pods Manifest.lock";
			outputPaths = (
			);
			runOnlyForDeploymentPostprocessing = 0;
			shellPath = /bin/sh;
			shellScript = "diff \"${PODS_ROOT}/../Podfile.lock\" \"${PODS_ROOT}/Manifest.lock\" > /dev/null\nif [ $? != 0 ] ; then\n    # print error to STDERR\n    echo \"error: The sandbox is not in sync with the Podfile.lock. Run 'pod install' or update your CocoaPods installation.\" >&2\n    exit 1\nfi\n";
			showEnvVarsInLog = 0;
		};
		690EEAFAB60D03CB6276DB61 /* [CP] Embed Pods Frameworks */ = {
			isa = PBXShellScriptBuildPhase;
			buildActionMask = 2147483647;
			files = (
			);
			inputPaths = (
			);
			name = "[CP] Embed Pods Frameworks";
			outputPaths = (
			);
			runOnlyForDeploymentPostprocessing = 0;
			shellPath = /bin/sh;
			shellScript = "\"${SRCROOT}/Pods/Target Support Files/Pods-Eureka-Swift3/Pods-Eureka-Swift3-frameworks.sh\"\n";
			showEnvVarsInLog = 0;
		};
		8312FFF2CEB16F82080B4AC7 /* [CP] Embed Pods Frameworks */ = {
			isa = PBXShellScriptBuildPhase;
			buildActionMask = 2147483647;
			files = (
			);
			inputPaths = (
			);
			name = "[CP] Embed Pods Frameworks";
			outputPaths = (
			);
			runOnlyForDeploymentPostprocessing = 0;
			shellPath = /bin/sh;
			shellScript = "\"${SRCROOT}/Pods/Target Support Files/Pods-Eureka-Swift3Tests/Pods-Eureka-Swift3Tests-frameworks.sh\"\n";
			showEnvVarsInLog = 0;
		};
		CA11E2228BF0056166CA74E4 /* [CP] Check Pods Manifest.lock */ = {
			isa = PBXShellScriptBuildPhase;
			buildActionMask = 2147483647;
			files = (
			);
			inputPaths = (
			);
			name = "[CP] Check Pods Manifest.lock";
			outputPaths = (
			);
			runOnlyForDeploymentPostprocessing = 0;
			shellPath = /bin/sh;
			shellScript = "diff \"${PODS_ROOT}/../Podfile.lock\" \"${PODS_ROOT}/Manifest.lock\" > /dev/null\nif [ $? != 0 ] ; then\n    # print error to STDERR\n    echo \"error: The sandbox is not in sync with the Podfile.lock. Run 'pod install' or update your CocoaPods installation.\" >&2\n    exit 1\nfi\n";
			showEnvVarsInLog = 0;
		};
		E810C8D747A521C40CD804C8 /* [CP] Copy Pods Resources */ = {
			isa = PBXShellScriptBuildPhase;
			buildActionMask = 2147483647;
			files = (
			);
			inputPaths = (
			);
			name = "[CP] Copy Pods Resources";
			outputPaths = (
			);
			runOnlyForDeploymentPostprocessing = 0;
			shellPath = /bin/sh;
			shellScript = "\"${SRCROOT}/Pods/Target Support Files/Pods-Eureka-Swift3Tests/Pods-Eureka-Swift3Tests-resources.sh\"\n";
			showEnvVarsInLog = 0;
		};
		F42275EE8FCA62F824F39B45 /* [CP] Copy Pods Resources */ = {
			isa = PBXShellScriptBuildPhase;
			buildActionMask = 2147483647;
			files = (
			);
			inputPaths = (
			);
			name = "[CP] Copy Pods Resources";
			outputPaths = (
			);
			runOnlyForDeploymentPostprocessing = 0;
			shellPath = /bin/sh;
			shellScript = "\"${SRCROOT}/Pods/Target Support Files/Pods-Eureka-Swift3/Pods-Eureka-Swift3-resources.sh\"\n";
			showEnvVarsInLog = 0;
		};
/* End PBXShellScriptBuildPhase section */

/* Begin PBXSourcesBuildPhase section */
		6C580D831D941CE6003999FE /* Sources */ = {
			isa = PBXSourcesBuildPhase;
			buildActionMask = 2147483647;
			files = (
				6C580D931D941CE6003999FE /* Eureka_Swift3.xcdatamodeld in Sources */,
				6C580D8D1D941CE6003999FE /* ViewController.swift in Sources */,
				6C580D8B1D941CE6003999FE /* AppDelegate.swift in Sources */,
			);
			runOnlyForDeploymentPostprocessing = 0;
		};
		6C580D9A1D941CE7003999FE /* Sources */ = {
			isa = PBXSourcesBuildPhase;
			buildActionMask = 2147483647;
			files = (
				6C580DA31D941CE7003999FE /* Eureka_Swift3Tests.swift in Sources */,
			);
			runOnlyForDeploymentPostprocessing = 0;
		};
		6C580DA51D941CE7003999FE /* Sources */ = {
			isa = PBXSourcesBuildPhase;
			buildActionMask = 2147483647;
			files = (
				6C580DAE1D941CE7003999FE /* Eureka_Swift3UITests.swift in Sources */,
			);
			runOnlyForDeploymentPostprocessing = 0;
		};
/* End PBXSourcesBuildPhase section */

/* Begin PBXTargetDependency section */
		6C580DA01D941CE7003999FE /* PBXTargetDependency */ = {
			isa = PBXTargetDependency;
			target = 6C580D861D941CE6003999FE /* Eureka-Swift3 */;
			targetProxy = 6C580D9F1D941CE7003999FE /* PBXContainerItemProxy */;
		};
		6C580DAB1D941CE7003999FE /* PBXTargetDependency */ = {
			isa = PBXTargetDependency;
			target = 6C580D861D941CE6003999FE /* Eureka-Swift3 */;
			targetProxy = 6C580DAA1D941CE7003999FE /* PBXContainerItemProxy */;
		};
/* End PBXTargetDependency section */

/* Begin PBXVariantGroup section */
		6C580D8E1D941CE6003999FE /* Main.storyboard */ = {
			isa = PBXVariantGroup;
			children = (
				6C580D8F1D941CE6003999FE /* Base */,
			);
			name = Main.storyboard;
			sourceTree = "<group>";
		};
		6C580D961D941CE7003999FE /* LaunchScreen.storyboard */ = {
			isa = PBXVariantGroup;
			children = (
				6C580D971D941CE7003999FE /* Base */,
			);
			name = LaunchScreen.storyboard;
			sourceTree = "<group>";
		};
/* End PBXVariantGroup section */

/* Begin XCBuildConfiguration section */
		6C580DB01D941CE7003999FE /* Debug */ = {
			isa = XCBuildConfiguration;
			buildSettings = {
				ALWAYS_SEARCH_USER_PATHS = NO;
				CLANG_ANALYZER_NONNULL = YES;
				CLANG_CXX_LANGUAGE_STANDARD = "gnu++0x";
				CLANG_CXX_LIBRARY = "libc++";
				CLANG_ENABLE_MODULES = YES;
				CLANG_ENABLE_OBJC_ARC = YES;
				CLANG_WARN_BOOL_CONVERSION = YES;
				CLANG_WARN_CONSTANT_CONVERSION = YES;
				CLANG_WARN_DIRECT_OBJC_ISA_USAGE = YES_ERROR;
				CLANG_WARN_DOCUMENTATION_COMMENTS = YES;
				CLANG_WARN_EMPTY_BODY = YES;
				CLANG_WARN_ENUM_CONVERSION = YES;
				CLANG_WARN_INFINITE_RECURSION = YES;
				CLANG_WARN_INT_CONVERSION = YES;
				CLANG_WARN_OBJC_ROOT_CLASS = YES_ERROR;
				CLANG_WARN_SUSPICIOUS_MOVES = YES;
				CLANG_WARN_UNREACHABLE_CODE = YES;
				CLANG_WARN__DUPLICATE_METHOD_MATCH = YES;
				"CODE_SIGN_IDENTITY[sdk=iphoneos*]" = "iPhone Developer";
				COPY_PHASE_STRIP = NO;
				DEBUG_INFORMATION_FORMAT = dwarf;
				ENABLE_STRICT_OBJC_MSGSEND = YES;
				ENABLE_TESTABILITY = YES;
				GCC_C_LANGUAGE_STANDARD = gnu99;
				GCC_DYNAMIC_NO_PIC = NO;
				GCC_NO_COMMON_BLOCKS = YES;
				GCC_OPTIMIZATION_LEVEL = 0;
				GCC_PREPROCESSOR_DEFINITIONS = (
					"DEBUG=1",
					"$(inherited)",
				);
				GCC_WARN_64_TO_32_BIT_CONVERSION = YES;
				GCC_WARN_ABOUT_RETURN_TYPE = YES_ERROR;
				GCC_WARN_UNDECLARED_SELECTOR = YES;
				GCC_WARN_UNINITIALIZED_AUTOS = YES_AGGRESSIVE;
				GCC_WARN_UNUSED_FUNCTION = YES;
				GCC_WARN_UNUSED_VARIABLE = YES;
				IPHONEOS_DEPLOYMENT_TARGET = 10.0;
				MTL_ENABLE_DEBUG_INFO = YES;
				ONLY_ACTIVE_ARCH = YES;
				SDKROOT = iphoneos;
				SWIFT_ACTIVE_COMPILATION_CONDITIONS = DEBUG;
				SWIFT_OPTIMIZATION_LEVEL = "-Onone";
			};
			name = Debug;
		};
		6C580DB11D941CE7003999FE /* Release */ = {
			isa = XCBuildConfiguration;
			buildSettings = {
				ALWAYS_SEARCH_USER_PATHS = NO;
				CLANG_ANALYZER_NONNULL = YES;
				CLANG_CXX_LANGUAGE_STANDARD = "gnu++0x";
				CLANG_CXX_LIBRARY = "libc++";
				CLANG_ENABLE_MODULES = YES;
				CLANG_ENABLE_OBJC_ARC = YES;
				CLANG_WARN_BOOL_CONVERSION = YES;
				CLANG_WARN_CONSTANT_CONVERSION = YES;
				CLANG_WARN_DIRECT_OBJC_ISA_USAGE = YES_ERROR;
				CLANG_WARN_DOCUMENTATION_COMMENTS = YES;
				CLANG_WARN_EMPTY_BODY = YES;
				CLANG_WARN_ENUM_CONVERSION = YES;
				CLANG_WARN_INFINITE_RECURSION = YES;
				CLANG_WARN_INT_CONVERSION = YES;
				CLANG_WARN_OBJC_ROOT_CLASS = YES_ERROR;
				CLANG_WARN_SUSPICIOUS_MOVES = YES;
				CLANG_WARN_UNREACHABLE_CODE = YES;
				CLANG_WARN__DUPLICATE_METHOD_MATCH = YES;
				"CODE_SIGN_IDENTITY[sdk=iphoneos*]" = "iPhone Developer";
				COPY_PHASE_STRIP = NO;
				DEBUG_INFORMATION_FORMAT = "dwarf-with-dsym";
				ENABLE_NS_ASSERTIONS = NO;
				ENABLE_STRICT_OBJC_MSGSEND = YES;
				GCC_C_LANGUAGE_STANDARD = gnu99;
				GCC_NO_COMMON_BLOCKS = YES;
				GCC_WARN_64_TO_32_BIT_CONVERSION = YES;
				GCC_WARN_ABOUT_RETURN_TYPE = YES_ERROR;
				GCC_WARN_UNDECLARED_SELECTOR = YES;
				GCC_WARN_UNINITIALIZED_AUTOS = YES_AGGRESSIVE;
				GCC_WARN_UNUSED_FUNCTION = YES;
				GCC_WARN_UNUSED_VARIABLE = YES;
				IPHONEOS_DEPLOYMENT_TARGET = 10.0;
				MTL_ENABLE_DEBUG_INFO = NO;
				SDKROOT = iphoneos;
				SWIFT_OPTIMIZATION_LEVEL = "-Owholemodule";
				VALIDATE_PRODUCT = YES;
			};
			name = Release;
		};
		6C580DB31D941CE7003999FE /* Debug */ = {
			isa = XCBuildConfiguration;
			baseConfigurationReference = 0454AD068075B160E2942233 /* Pods-Eureka-Swift3.debug.xcconfig */;
			buildSettings = {
				ASSETCATALOG_COMPILER_APPICON_NAME = AppIcon;
				DEVELOPMENT_TEAM = 3TRW666PQV;
				INFOPLIST_FILE = "Eureka-Swift3/Info.plist";
				LD_RUNPATH_SEARCH_PATHS = "$(inherited) @executable_path/Frameworks";
				PRODUCT_BUNDLE_IDENTIFIER = "com.bulteau.Eureka-Swift3";
				PRODUCT_NAME = "$(TARGET_NAME)";
				SWIFT_VERSION = 3.0;
			};
			name = Debug;
		};
		6C580DB41D941CE7003999FE /* Release */ = {
			isa = XCBuildConfiguration;
			baseConfigurationReference = 29E2E38C3CE9330C3CCE9AE3 /* Pods-Eureka-Swift3.release.xcconfig */;
			buildSettings = {
				ASSETCATALOG_COMPILER_APPICON_NAME = AppIcon;
				DEVELOPMENT_TEAM = 3TRW666PQV;
				INFOPLIST_FILE = "Eureka-Swift3/Info.plist";
				LD_RUNPATH_SEARCH_PATHS = "$(inherited) @executable_path/Frameworks";
				PRODUCT_BUNDLE_IDENTIFIER = "com.bulteau.Eureka-Swift3";
				PRODUCT_NAME = "$(TARGET_NAME)";
				SWIFT_VERSION = 3.0;
			};
			name = Release;
		};
		6C580DB61D941CE7003999FE /* Debug */ = {
			isa = XCBuildConfiguration;
			baseConfigurationReference = FB14171D628CA574488B0E40 /* Pods-Eureka-Swift3Tests.debug.xcconfig */;
			buildSettings = {
				ALWAYS_EMBED_SWIFT_STANDARD_LIBRARIES = YES;
				BUNDLE_LOADER = "$(TEST_HOST)";
				DEVELOPMENT_TEAM = 3TRW666PQV;
				INFOPLIST_FILE = "Eureka-Swift3Tests/Info.plist";
				LD_RUNPATH_SEARCH_PATHS = "$(inherited) @executable_path/Frameworks @loader_path/Frameworks";
				PRODUCT_BUNDLE_IDENTIFIER = "com.bulteau.Eureka-Swift3Tests";
				PRODUCT_NAME = "$(TARGET_NAME)";
				SWIFT_VERSION = 3.0;
				TEST_HOST = "$(BUILT_PRODUCTS_DIR)/Eureka-Swift3.app/Eureka-Swift3";
			};
			name = Debug;
		};
		6C580DB71D941CE7003999FE /* Release */ = {
			isa = XCBuildConfiguration;
			baseConfigurationReference = B6D8666483F172A8E3142C07 /* Pods-Eureka-Swift3Tests.release.xcconfig */;
			buildSettings = {
				ALWAYS_EMBED_SWIFT_STANDARD_LIBRARIES = YES;
				BUNDLE_LOADER = "$(TEST_HOST)";
				DEVELOPMENT_TEAM = 3TRW666PQV;
				INFOPLIST_FILE = "Eureka-Swift3Tests/Info.plist";
				LD_RUNPATH_SEARCH_PATHS = "$(inherited) @executable_path/Frameworks @loader_path/Frameworks";
				PRODUCT_BUNDLE_IDENTIFIER = "com.bulteau.Eureka-Swift3Tests";
				PRODUCT_NAME = "$(TARGET_NAME)";
				SWIFT_VERSION = 3.0;
				TEST_HOST = "$(BUILT_PRODUCTS_DIR)/Eureka-Swift3.app/Eureka-Swift3";
			};
			name = Release;
		};
		6C580DB91D941CE7003999FE /* Debug */ = {
			isa = XCBuildConfiguration;
			buildSettings = {
				ALWAYS_EMBED_SWIFT_STANDARD_LIBRARIES = YES;
				DEVELOPMENT_TEAM = 3TRW666PQV;
				INFOPLIST_FILE = "Eureka-Swift3UITests/Info.plist";
				LD_RUNPATH_SEARCH_PATHS = "$(inherited) @executable_path/Frameworks @loader_path/Frameworks";
				PRODUCT_BUNDLE_IDENTIFIER = "com.bulteau.Eureka-Swift3UITests";
				PRODUCT_NAME = "$(TARGET_NAME)";
				SWIFT_VERSION = 3.0;
				TEST_TARGET_NAME = "Eureka-Swift3";
			};
			name = Debug;
		};
		6C580DBA1D941CE7003999FE /* Release */ = {
			isa = XCBuildConfiguration;
			buildSettings = {
				ALWAYS_EMBED_SWIFT_STANDARD_LIBRARIES = YES;
				DEVELOPMENT_TEAM = 3TRW666PQV;
				INFOPLIST_FILE = "Eureka-Swift3UITests/Info.plist";
				LD_RUNPATH_SEARCH_PATHS = "$(inherited) @executable_path/Frameworks @loader_path/Frameworks";
				PRODUCT_BUNDLE_IDENTIFIER = "com.bulteau.Eureka-Swift3UITests";
				PRODUCT_NAME = "$(TARGET_NAME)";
				SWIFT_VERSION = 3.0;
				TEST_TARGET_NAME = "Eureka-Swift3";
			};
			name = Release;
		};
/* End XCBuildConfiguration section */

/* Begin XCConfigurationList section */
		6C580D821D941CE6003999FE /* Build configuration list for PBXProject "Eureka-Swift3" */ = {
			isa = XCConfigurationList;
			buildConfigurations = (
				6C580DB01D941CE7003999FE /* Debug */,
				6C580DB11D941CE7003999FE /* Release */,
			);
			defaultConfigurationIsVisible = 0;
			defaultConfigurationName = Release;
		};
		6C580DB21D941CE7003999FE /* Build configuration list for PBXNativeTarget "Eureka-Swift3" */ = {
			isa = XCConfigurationList;
			buildConfigurations = (
				6C580DB31D941CE7003999FE /* Debug */,
				6C580DB41D941CE7003999FE /* Release */,
			);
			defaultConfigurationIsVisible = 0;
			defaultConfigurationName = Release;
		};
		6C580DB51D941CE7003999FE /* Build configuration list for PBXNativeTarget "Eureka-Swift3Tests" */ = {
			isa = XCConfigurationList;
			buildConfigurations = (
				6C580DB61D941CE7003999FE /* Debug */,
				6C580DB71D941CE7003999FE /* Release */,
			);
			defaultConfigurationIsVisible = 0;
			defaultConfigurationName = Release;
		};
		6C580DB81D941CE7003999FE /* Build configuration list for PBXNativeTarget "Eureka-Swift3UITests" */ = {
			isa = XCConfigurationList;
			buildConfigurations = (
				6C580DB91D941CE7003999FE /* Debug */,
				6C580DBA1D941CE7003999FE /* Release */,
			);
			defaultConfigurationIsVisible = 0;
			defaultConfigurationName = Release;
		};
/* End XCConfigurationList section */

/* Begin XCVersionGroup section */
		6C580D911D941CE6003999FE /* Eureka_Swift3.xcdatamodeld */ = {
			isa = XCVersionGroup;
			children = (
				6C580D921D941CE6003999FE /* Eureka_Swift3.xcdatamodel */,
			);
			currentVersion = 6C580D921D941CE6003999FE /* Eureka_Swift3.xcdatamodel */;
			path = Eureka_Swift3.xcdatamodeld;
			sourceTree = "<group>";
			versionGroupType = wrapper.xcdatamodel;
		};
/* End XCVersionGroup section */
	};
	rootObject = 6C580D7F1D941CE5003999FE /* Project object */;
}
